{
  "name": "testlab4",
  "version": "1.0.0",
  "lockfileVersion": 3,
  "requires": true,
  "packages": {
    "": {
      "name": "testlab4",
      "version": "1.0.0",
      "license": "ISC",
      "dependencies": {
        "comander": "^0.0.1-security",
        "commander": "^10.0.1"
      }
    },
    "node_modules/comander": {
      "version": "0.0.1-security",
      "resolved": "https://registry.npmjs.org/comander/-/comander-0.0.1-security.tgz",
      "integrity": "sha512-cxCGvHkaEtEsBsKjz8XrAiaOIkecgmMvhetsaxQYt35e8MEW4ATPevJTrzOrpAd1NyWmgIpLrwPLhQoHvnj89w=="
    },
    "node_modules/commander": {
      "version": "10.0.1",
      "resolved": "https://registry.npmjs.org/commander/-/commander-10.0.1.tgz",
      "integrity": "sha512-y4Mg2tXshplEbSGzx7amzPwKKOCGuoSRP/CjEdwwk0FOGlUbq6lKuoyDZTNZkmxHdJtp54hdfY/JUrdL7Xfdug==",
      "engines": {
        "node": ">=14"
      }
    }
  }
}
